
Microsoft Visual Studio Solution File, Format Version 12.00
# Visual Studio Version 17
VisualStudioVersion = 17.0.31903.59
MinimumVisualStudioVersion = 10.0.40219.1
Project("{FAE04EC0-301F-11D3-BF4B-00C04F79EFBC}") = "HackathonProblem", "HackathonProblem\HackathonProblem.csproj", "{D79E48E6-1C34-41D3-9A9E-BE3C18BCD6B0}"
EndProject
Project("{FAE04EC0-301F-11D3-BF4B-00C04F79EFBC}") = "HackathonProblemTest", "HackathonProblemTest\HackathonProblemTest.csproj", "{54065C72-934E-4535-A3A7-FFAFA739BA73}"
EndProject
Global
	GlobalSection(SolutionConfigurationPlatforms) = preSolution
		Debug|Any CPU = Debug|Any CPU
		Release|Any CPU = Release|Any CPU
	EndGlobalSection
	GlobalSection(SolutionProperties) = preSolution
		HideSolutionNode = FALSE
	EndGlobalSection
	GlobalSection(ProjectConfigurationPlatforms) = postSolution
		{D79E48E6-1C34-41D3-9A9E-BE3C18BCD6B0}.Debug|Any CPU.ActiveCfg = Debug|Any CPU
		{D79E48E6-1C34-41D3-9A9E-BE3C18BCD6B0}.Debug|Any CPU.Build.0 = Debug|Any CPU
		{D79E48E6-1C34-41D3-9A9E-BE3C18BCD6B0}.Release|Any CPU.ActiveCfg = Release|Any CPU
		{D79E48E6-1C34-41D3-9A9E-BE3C18BCD6B0}.Release|Any CPU.Build.0 = Release|Any CPU
		{54065C72-934E-4535-A3A7-FFAFA739BA73}.Debug|Any CPU.ActiveCfg = Debug|Any CPU
		{54065C72-934E-4535-A3A7-FFAFA739BA73}.Debug|Any CPU.Build.0 = Debug|Any CPU
		{54065C72-934E-4535-A3A7-FFAFA739BA73}.Release|Any CPU.ActiveCfg = Release|Any CPU
		{54065C72-934E-4535-A3A7-FFAFA739BA73}.Release|Any CPU.Build.0 = Release|Any CPU
	EndGlobalSection
EndGlobal
